
Microsoft Visual Studio Solution File, Format Version 12.00
# Visual Studio Version 16
VisualStudioVersion = 16.0.30907.101
MinimumVisualStudioVersion = 10.0.40219.1
Project("{FAE04EC0-301F-11D3-BF4B-00C04F79EFBC}") = "TransportConsole", "TransportConsole.csproj", "{E1AD9EDE-5FD4-440A-8E55-B262D4875E75}"
EndProject
Project("{FAE04EC0-301F-11D3-BF4B-00C04F79EFBC}") = "TransportTest", "..\TransportTest\TransportTest.csproj", "{E6DAE52A-965B-41D5-B8C8-4540A66D36D8}"
EndProject
Project("{FAE04EC0-301F-11D3-BF4B-00C04F79EFBC}") = "TransportLibrary", "..\TransportLibrary\TransportLibrary.csproj", "{D9C2F51F-07B7-47B8-9FFC-536873576958}"
EndProject
Project("{FAE04EC0-301F-11D3-BF4B-00C04F79EFBC}") = "WpfAppEssai", "..\WpfAppEssai\WpfAppEssai.csproj", "{AD33236E-BCA8-429C-BCBD-52F009553FC5}"
EndProject
Project("{FAE04EC0-301F-11D3-BF4B-00C04F79EFBC}") = "WpfAppEssai2", "..\WpfAppEssai2\WpfAppEssai2.csproj", "{1C6E924A-A1EA-4B33-B85F-02A4AF4C2476}"
EndProject
Global
	GlobalSection(SolutionConfigurationPlatforms) = preSolution
		Debug|Any CPU = Debug|Any CPU
		Release|Any CPU = Release|Any CPU
	EndGlobalSection
	GlobalSection(ProjectConfigurationPlatforms) = postSolution
		{E1AD9EDE-5FD4-440A-8E55-B262D4875E75}.Debug|Any CPU.ActiveCfg = Debug|Any CPU
		{E1AD9EDE-5FD4-440A-8E55-B262D4875E75}.Debug|Any CPU.Build.0 = Debug|Any CPU
		{E1AD9EDE-5FD4-440A-8E55-B262D4875E75}.Release|Any CPU.ActiveCfg = Release|Any CPU
		{E1AD9EDE-5FD4-440A-8E55-B262D4875E75}.Release|Any CPU.Build.0 = Release|Any CPU
		{E6DAE52A-965B-41D5-B8C8-4540A66D36D8}.Debug|Any CPU.ActiveCfg = Debug|Any CPU
		{E6DAE52A-965B-41D5-B8C8-4540A66D36D8}.Debug|Any CPU.Build.0 = Debug|Any CPU
		{E6DAE52A-965B-41D5-B8C8-4540A66D36D8}.Release|Any CPU.ActiveCfg = Release|Any CPU
		{E6DAE52A-965B-41D5-B8C8-4540A66D36D8}.Release|Any CPU.Build.0 = Release|Any CPU
		{D9C2F51F-07B7-47B8-9FFC-536873576958}.Debug|Any CPU.ActiveCfg = Debug|Any CPU
		{D9C2F51F-07B7-47B8-9FFC-536873576958}.Debug|Any CPU.Build.0 = Debug|Any CPU
		{D9C2F51F-07B7-47B8-9FFC-536873576958}.Release|Any CPU.ActiveCfg = Release|Any CPU
		{D9C2F51F-07B7-47B8-9FFC-536873576958}.Release|Any CPU.Build.0 = Release|Any CPU
		{AD33236E-BCA8-429C-BCBD-52F009553FC5}.Debug|Any CPU.ActiveCfg = Debug|Any CPU
		{AD33236E-BCA8-429C-BCBD-52F009553FC5}.Debug|Any CPU.Build.0 = Debug|Any CPU
		{AD33236E-BCA8-429C-BCBD-52F009553FC5}.Release|Any CPU.ActiveCfg = Release|Any CPU
		{AD33236E-BCA8-429C-BCBD-52F009553FC5}.Release|Any CPU.Build.0 = Release|Any CPU
		{1C6E924A-A1EA-4B33-B85F-02A4AF4C2476}.Debug|Any CPU.ActiveCfg = Debug|Any CPU
		{1C6E924A-A1EA-4B33-B85F-02A4AF4C2476}.Debug|Any CPU.Build.0 = Debug|Any CPU
		{1C6E924A-A1EA-4B33-B85F-02A4AF4C2476}.Release|Any CPU.ActiveCfg = Release|Any CPU
		{1C6E924A-A1EA-4B33-B85F-02A4AF4C2476}.Release|Any CPU.Build.0 = Release|Any CPU
	EndGlobalSection
	GlobalSection(SolutionProperties) = preSolution
		HideSolutionNode = FALSE
	EndGlobalSection
	GlobalSection(ExtensibilityGlobals) = postSolution
		SolutionGuid = {C432A3CE-7D82-4DA7-985B-1CC3081555DC}
	EndGlobalSection
EndGlobal
